
Microsoft Visual Studio Solution File, Format Version 12.00
# Visual Studio Version 17
VisualStudioVersion = 17.0.31903.59
MinimumVisualStudioVersion = 10.0.40219.1
Project("{FAE04EC0-301F-11D3-BF4B-00C04F79EFBC}") = "Core", "Core\Core.csproj", "{8B285D48-98BB-42A7-87D3-914BEF786949}"
EndProject
Project("{F2A71F9B-5D33-465A-A702-920D77279786}") = "Utils", "Utils\Utils.fsproj", "{5B159EDC-E7B0-4812-8C53-1CA5667C79AB}"
EndProject
Global
	GlobalSection(SolutionConfigurationPlatforms) = preSolution
		Debug|Any CPU = Debug|Any CPU
		Release|Any CPU = Release|Any CPU
	EndGlobalSection
	GlobalSection(SolutionProperties) = preSolution
		HideSolutionNode = FALSE
	EndGlobalSection
	GlobalSection(ProjectConfigurationPlatforms) = postSolution
		{8B285D48-98BB-42A7-87D3-914BEF786949}.Debug|Any CPU.ActiveCfg = Debug|Any CPU
		{8B285D48-98BB-42A7-87D3-914BEF786949}.Debug|Any CPU.Build.0 = Debug|Any CPU
		{8B285D48-98BB-42A7-87D3-914BEF786949}.Release|Any CPU.ActiveCfg = Release|Any CPU
		{8B285D48-98BB-42A7-87D3-914BEF786949}.Release|Any CPU.Build.0 = Release|Any CPU
		{5B159EDC-E7B0-4812-8C53-1CA5667C79AB}.Debug|Any CPU.ActiveCfg = Debug|Any CPU
		{5B159EDC-E7B0-4812-8C53-1CA5667C79AB}.Debug|Any CPU.Build.0 = Debug|Any CPU
		{5B159EDC-E7B0-4812-8C53-1CA5667C79AB}.Release|Any CPU.ActiveCfg = Release|Any CPU
		{5B159EDC-E7B0-4812-8C53-1CA5667C79AB}.Release|Any CPU.Build.0 = Release|Any CPU
	EndGlobalSection
EndGlobal
